
Microsoft Visual Studio Solution File, Format Version 12.00
# Visual Studio Version 17
VisualStudioVersion = 17.13.35919.96
MinimumVisualStudioVersion = 10.0.40219.1
Project("{FAE04EC0-301F-11D3-BF4B-00C04F79EFBC}") = "NodiniteIloggerDemo.FunctionApp", "NodiniteIloggerDemo.FunctionApp\NodiniteIloggerDemo.FunctionApp.csproj", "{5EE46D11-9AFF-4424-8398-DF7A3134E9E9}"
EndProject
Project("{FAE04EC0-301F-11D3-BF4B-00C04F79EFBC}") = "NodiniteIloggerDemo.WebApp", "NodiniteIloggerDemo.WebApp\NodiniteIloggerDemo.WebApp.csproj", "{E4E1D5E7-6AAF-4F50-8658-8B04FD0876F1}"
EndProject
Project("{FAE04EC0-301F-11D3-BF4B-00C04F79EFBC}") = "ConticaDevTools.Services.NodiniteILogger", "..\..\contica-devtools\ConticaDevTools\ConticaDevTools.Services.NodiniteILogger\ConticaDevTools.Services.NodiniteILogger.csproj", "{E94F9FD5-A415-5B71-3C2E-18EBFBC405DB}"
EndProject
Global
	GlobalSection(SolutionConfigurationPlatforms) = preSolution
		Debug|Any CPU = Debug|Any CPU
		Release|Any CPU = Release|Any CPU
	EndGlobalSection
	GlobalSection(ProjectConfigurationPlatforms) = postSolution
		{5EE46D11-9AFF-4424-8398-DF7A3134E9E9}.Debug|Any CPU.ActiveCfg = Debug|Any CPU
		{5EE46D11-9AFF-4424-8398-DF7A3134E9E9}.Debug|Any CPU.Build.0 = Debug|Any CPU
		{5EE46D11-9AFF-4424-8398-DF7A3134E9E9}.Release|Any CPU.ActiveCfg = Release|Any CPU
		{5EE46D11-9AFF-4424-8398-DF7A3134E9E9}.Release|Any CPU.Build.0 = Release|Any CPU
		{E4E1D5E7-6AAF-4F50-8658-8B04FD0876F1}.Debug|Any CPU.ActiveCfg = Debug|Any CPU
		{E4E1D5E7-6AAF-4F50-8658-8B04FD0876F1}.Debug|Any CPU.Build.0 = Debug|Any CPU
		{E4E1D5E7-6AAF-4F50-8658-8B04FD0876F1}.Release|Any CPU.ActiveCfg = Release|Any CPU
		{E4E1D5E7-6AAF-4F50-8658-8B04FD0876F1}.Release|Any CPU.Build.0 = Release|Any CPU
		{E94F9FD5-A415-5B71-3C2E-18EBFBC405DB}.Debug|Any CPU.ActiveCfg = Debug|Any CPU
		{E94F9FD5-A415-5B71-3C2E-18EBFBC405DB}.Debug|Any CPU.Build.0 = Debug|Any CPU
		{E94F9FD5-A415-5B71-3C2E-18EBFBC405DB}.Release|Any CPU.ActiveCfg = Release|Any CPU
		{E94F9FD5-A415-5B71-3C2E-18EBFBC405DB}.Release|Any CPU.Build.0 = Release|Any CPU
	EndGlobalSection
	GlobalSection(SolutionProperties) = preSolution
		HideSolutionNode = FALSE
	EndGlobalSection
	GlobalSection(ExtensibilityGlobals) = postSolution
		SolutionGuid = {35F3C8FF-19C5-4791-BD0E-E3A7464589CD}
	EndGlobalSection
EndGlobal
